
Microsoft Visual Studio Solution File, Format Version 12.00
# Visual Studio 15
VisualStudioVersion = 15.0.28307.902
MinimumVisualStudioVersion = 10.0.40219.1
Project("{F14B399A-7131-4C87-9E4B-1186C45EF12D}") = "Report Project1", "Report Project1\Report Project1.rptproj", "{999648F7-9D8A-4653-AC12-CB2A4781C861}"
EndProject
Global
	GlobalSection(SolutionConfigurationPlatforms) = preSolution
		Debug|Default = Debug|Default
		DebugLocal|Default = DebugLocal|Default
		Release|Default = Release|Default
	EndGlobalSection
	GlobalSection(ProjectConfigurationPlatforms) = postSolution
		{999648F7-9D8A-4653-AC12-CB2A4781C861}.Debug|Default.ActiveCfg = Debug
		{999648F7-9D8A-4653-AC12-CB2A4781C861}.Debug|Default.Build.0 = Debug
		{999648F7-9D8A-4653-AC12-CB2A4781C861}.Debug|Default.Deploy.0 = Debug
		{999648F7-9D8A-4653-AC12-CB2A4781C861}.DebugLocal|Default.ActiveCfg = DebugLocal
		{999648F7-9D8A-4653-AC12-CB2A4781C861}.DebugLocal|Default.Build.0 = DebugLocal
		{999648F7-9D8A-4653-AC12-CB2A4781C861}.Release|Default.ActiveCfg = Release
		{999648F7-9D8A-4653-AC12-CB2A4781C861}.Release|Default.Build.0 = Release
		{999648F7-9D8A-4653-AC12-CB2A4781C861}.Release|Default.Deploy.0 = Release
	EndGlobalSection
	GlobalSection(SolutionProperties) = preSolution
		HideSolutionNode = FALSE
	EndGlobalSection
	GlobalSection(ExtensibilityGlobals) = postSolution
		SolutionGuid = {1C36BDC5-C881-4C13-8212-6F1D9E60FD52}
	EndGlobalSection
EndGlobal
